
Microsoft Visual Studio Solution File, Format Version 12.00
# Visual Studio Version 17
VisualStudioVersion = 17.11.35312.102
MinimumVisualStudioVersion = 10.0.40219.1
Project("{FAE04EC0-301F-11D3-BF4B-00C04F79EFBC}") = "LopHinhChuNhat", "LopHinhChuNhat\LopHinhChuNhat.csproj", "{47186D7D-BEE4-4268-AAEC-C6570EB03123}"
EndProject
Global
	GlobalSection(SolutionConfigurationPlatforms) = preSolution
		Debug|Any CPU = Debug|Any CPU
		Release|Any CPU = Release|Any CPU
	EndGlobalSection
	GlobalSection(ProjectConfigurationPlatforms) = postSolution
		{47186D7D-BEE4-4268-AAEC-C6570EB03123}.Debug|Any CPU.ActiveCfg = Debug|Any CPU
		{47186D7D-BEE4-4268-AAEC-C6570EB03123}.Debug|Any CPU.Build.0 = Debug|Any CPU
		{47186D7D-BEE4-4268-AAEC-C6570EB03123}.Release|Any CPU.ActiveCfg = Release|Any CPU
		{47186D7D-BEE4-4268-AAEC-C6570EB03123}.Release|Any CPU.Build.0 = Release|Any CPU
	EndGlobalSection
	GlobalSection(SolutionProperties) = preSolution
		HideSolutionNode = FALSE
	EndGlobalSection
	GlobalSection(ExtensibilityGlobals) = postSolution
		SolutionGuid = {721F2FDC-ED4C-4E1B-9303-9FC5FC079DA5}
	EndGlobalSection
EndGlobal
